<?xml version="1.0" encoding="utf-8"?>
<Project ToolsVersion="4.0" xmlns="http://schemas.microsoft.com/developer/msbuild/2003">
  <ItemGroup>
    <ClCompile Include="3dobject.cpp">
      <Filter>Main\Object\Object3D</Filter>
    </ClCompile>
    <ClCompile Include="application.cpp">
      <Filter>Main\Application</Filter>
    </ClCompile>
    <ClCompile Include="billboard.cpp">
      <Filter>Main\Object\Billboard</Filter>
    </ClCompile>
    <ClCompile Include="camera.cpp">
      <Filter>Main\Application\Camera</Filter>
    </ClCompile>
    <ClCompile Include="camera_player.cpp">
      <Filter>Main\Application\Camera</Filter>
    </ClCompile>
    <ClCompile Include="camera_title.cpp">
      <Filter>Main\Application\Camera</Filter>
    </ClCompile>
    <ClCompile Include="debug_proc.cpp">
      <Filter>Main\Application</Filter>
    </ClCompile>
    <ClCompile Include="Editor.cpp">
      <Filter>Main\Application</Filter>
    </ClCompile>
    <ClCompile Include="fade.cpp">
      <Filter>Main\Application\Scenes</Filter>
    </ClCompile>
    <ClCompile Include="game.cpp">
      <Filter>Main\Application\Scenes</Filter>
    </ClCompile>
    <ClCompile Include="Goal.cpp">
      <Filter>Main\Object\ObjectX</Filter>
    </ClCompile>
    <ClCompile Include="input.cpp">
      <Filter>Main\Application\Input</Filter>
    </ClCompile>
    <ClCompile Include="input_joypad.cpp">
      <Filter>Main\Application\Input</Filter>
    </ClCompile>
    <ClCompile Include="input_keybord.cpp">
      <Filter>Main\Application\Input</Filter>
    </ClCompile>
    <ClCompile Include="light.cpp">
      <Filter>Main\Application</Filter>
    </ClCompile>
    <ClCompile Include="main.cpp">
      <Filter>Main</Filter>
    </ClCompile>
    <ClCompile Include="Map.cpp">
      <Filter>Main\Object</Filter>
    </ClCompile>
    <ClCompile Include="mesh.cpp">
      <Filter>Main\Object\Mesh</Filter>
    </ClCompile>
    <ClCompile Include="meshfield.cpp">
      <Filter>Main\Object\Mesh</Filter>
    </ClCompile>
    <ClCompile Include="message.cpp">
      <Filter>Main\Object\Object2D</Filter>
    </ClCompile>
    <ClCompile Include="model.cpp">
      <Filter>Main\Object\ObjectX</Filter>
    </ClCompile>
    <ClCompile Include="motion_parts.cpp">
      <Filter>Main\Object</Filter>
    </ClCompile>
    <ClCompile Include="num_block.cpp">
      <Filter>Main\Object\Object2D\Number</Filter>
    </ClCompile>
    <ClCompile Include="number.cpp">
      <Filter>Main\Object\Object2D\Number</Filter>
    </ClCompile>
    <ClCompile Include="object.cpp">
      <Filter>Main\Object</Filter>
    </ClCompile>
    <ClCompile Include="object2D.cpp">
      <Filter>Main\Object\Object2D</Filter>
    </ClCompile>
    <ClCompile Include="object3d.cpp">
      <Filter>Main\Object\Object3D</Filter>
    </ClCompile>
    <ClCompile Include="objectX.cpp">
      <Filter>Main\Object\ObjectX</Filter>
    </ClCompile>
    <ClCompile Include="player.cpp">
      <Filter>Main\Object\ObjectX</Filter>
    </ClCompile>
    <ClCompile Include="read.cpp">
      <Filter>Main</Filter>
    </ClCompile>
    <ClCompile Include="renderer.cpp">
      <Filter>Main\Application</Filter>
    </ClCompile>
    <ClCompile Include="result.cpp">
      <Filter>Main\Application\Scenes</Filter>
    </ClCompile>
    <ClCompile Include="select_player.cpp">
      <Filter>Main\Application\Scenes\SelectPlayer</Filter>
    </ClCompile>
    <ClCompile Include="sound.cpp">
      <Filter>Main\Application</Filter>
    </ClCompile>
    <ClCompile Include="texture.cpp">
      <Filter>Main\Application</Filter>
    </ClCompile>
    <ClCompile Include="time.cpp">
      <Filter>Main\Object\Object2D\Number</Filter>
    </ClCompile>
    <ClCompile Include="title.cpp">
      <Filter>Main\Application\Scenes</Filter>
    </ClCompile>
    <ClCompile Include="UI_PSelect.cpp">
      <Filter>Main\Application\Scenes\SelectPlayer</Filter>
    </ClCompile>
    <ClCompile Include="Titlelogo.cpp">
      <Filter>Main\Object\Object2D</Filter>
    </ClCompile>
    <ClCompile Include="Score.cpp">
      <Filter>Main\Object\Object2D</Filter>
    </ClCompile>
    <ClCompile Include="num_rank.cpp" />
    <ClCompile Include="Ranking.cpp">
      <Filter>Main\Application</Filter>
    </ClCompile>
    <ClCompile Include="block.cpp">
      <Filter>Main\Object\ObjectX</Filter>
    </ClCompile>
    <ClCompile Include="Gimmick.cpp">
      <Filter>Main\Object\ObjectX</Filter>
    </ClCompile>
  </ItemGroup>
  <ItemGroup>
    <ClInclude Include="3dobject.h">
      <Filter>Main\Object\Object3D</Filter>
    </ClInclude>
    <ClInclude Include="application.h">
      <Filter>Main\Application</Filter>
    </ClInclude>
    <ClInclude Include="billboard.h">
      <Filter>Main\Object\Billboard</Filter>
    </ClInclude>
    <ClInclude Include="camera.h">
      <Filter>Main\Application\Camera</Filter>
    </ClInclude>
    <ClInclude Include="camera_player.h">
      <Filter>Main\Application\Camera</Filter>
    </ClInclude>
    <ClInclude Include="camera_title.h">
      <Filter>Main\Application\Camera</Filter>
    </ClInclude>
    <ClInclude Include="debug_proc.h">
      <Filter>Main\Application</Filter>
    </ClInclude>
    <ClInclude Include="Editor.h">
      <Filter>Main\Application</Filter>
    </ClInclude>
    <ClInclude Include="fade.h">
      <Filter>Main\Application\Scenes</Filter>
    </ClInclude>
    <ClInclude Include="game.h">
      <Filter>Main\Application\Scenes</Filter>
    </ClInclude>
    <ClInclude Include="Goal.h">
      <Filter>Main\Object\ObjectX</Filter>
    </ClInclude>
    <ClInclude Include="input.h">
      <Filter>Main\Application\Input</Filter>
    </ClInclude>
    <ClInclude Include="input_joypad.h">
      <Filter>Main\Application\Input</Filter>
    </ClInclude>
    <ClInclude Include="input_keybord.h">
      <Filter>Main\Application\Input</Filter>
    </ClInclude>
    <ClInclude Include="light.h">
      <Filter>Main\Application</Filter>
    </ClInclude>
    <ClInclude Include="main.h">
      <Filter>Main</Filter>
    </ClInclude>
    <ClInclude Include="Map.h">
      <Filter>Main\Object</Filter>
    </ClInclude>
    <ClInclude Include="mesh.h">
      <Filter>Main\Object\Mesh</Filter>
    </ClInclude>
    <ClInclude Include="meshfield.h">
      <Filter>Main\Object\Mesh</Filter>
    </ClInclude>
    <ClInclude Include="message.h">
      <Filter>Main\Object\Object2D</Filter>
    </ClInclude>
    <ClInclude Include="model.h">
      <Filter>Main\Object\ObjectX</Filter>
    </ClInclude>
    <ClInclude Include="motion_parts.h">
      <Filter>Main\Object</Filter>
    </ClInclude>
    <ClInclude Include="num_block.h">
      <Filter>Main\Object\Object2D\Number</Filter>
    </ClInclude>
    <ClInclude Include="number.h">
      <Filter>Main\Object\Object2D\Number</Filter>
    </ClInclude>
    <ClInclude Include="object.h">
      <Filter>Main\Object</Filter>
    </ClInclude>
    <ClInclude Include="object2D.h">
      <Filter>Main\Object\Object2D</Filter>
    </ClInclude>
    <ClInclude Include="object3d.h">
      <Filter>Main\Object\Object3D</Filter>
    </ClInclude>
    <ClInclude Include="objectX.h">
      <Filter>Main\Object\ObjectX</Filter>
    </ClInclude>
    <ClInclude Include="player.h">
      <Filter>Main\Object\ObjectX</Filter>
    </ClInclude>
    <ClInclude Include="read.h">
      <Filter>Main</Filter>
    </ClInclude>
    <ClInclude Include="renderer.h">
      <Filter>Main\Application</Filter>
    </ClInclude>
    <ClInclude Include="result.h">
      <Filter>Main\Application\Scenes</Filter>
    </ClInclude>
    <ClInclude Include="select_player.h">
      <Filter>Main\Application\Scenes\SelectPlayer</Filter>
    </ClInclude>
    <ClInclude Include="sound.h">
      <Filter>Main\Application</Filter>
    </ClInclude>
    <ClInclude Include="texture.h">
      <Filter>Main\Application</Filter>
    </ClInclude>
    <ClInclude Include="time.h">
      <Filter>Main\Object\Object2D\Number</Filter>
    </ClInclude>
    <ClInclude Include="title.h">
      <Filter>Main\Application\Scenes</Filter>
    </ClInclude>
    <ClInclude Include="UI_PSelect.h">
      <Filter>Main\Application\Scenes\SelectPlayer</Filter>
    </ClInclude>
    <ClInclude Include="Titlelogo.h">
      <Filter>Main\Object\Object2D</Filter>
    </ClInclude>
    <ClInclude Include="Score.h">
      <Filter>Main\Object\Object2D</Filter>
    </ClInclude>
    <ClInclude Include="num_rank.h" />
    <ClInclude Include="Ranking.h">
      <Filter>Main\Application</Filter>
    </ClInclude>
    <ClInclude Include="Editor.h" />
    <ClInclude Include="num_rank.h" />
    <ClInclude Include="Score.h" />
    <ClInclude Include="block.h">
      <Filter>Main\Object\ObjectX</Filter>
    </ClInclude>
    <ClInclude Include="block.h" />
    <ClInclude Include="Gimmick.h">
      <Filter>Main\Object\ObjectX</Filter>
    </ClInclude>
  </ItemGroup>
  <ItemGroup>
    <Filter Include="Main">
      <UniqueIdentifier>{fbabbb44-93bc-4dca-992c-5906547758f5}</UniqueIdentifier>
    </Filter>
    <Filter Include="Main\Application">
      <UniqueIdentifier>{83864a30-2d3c-465d-b8c5-5736b9cc0560}</UniqueIdentifier>
    </Filter>
    <Filter Include="Main\Object">
      <UniqueIdentifier>{f3bf294b-3a5d-45ec-b3a5-1deb9c5b1751}</UniqueIdentifier>
    </Filter>
    <Filter Include="Main\Object\Object3D">
      <UniqueIdentifier>{11624b34-2fd7-42f3-a78f-bc2d3c55b4a7}</UniqueIdentifier>
    </Filter>
    <Filter Include="Main\Object\Billboard">
      <UniqueIdentifier>{44cde651-5246-4ef3-901e-86dbc0805f4f}</UniqueIdentifier>
    </Filter>
    <Filter Include="Main\Object\Mesh">
      <UniqueIdentifier>{9806c66b-a12b-4e81-9c63-5f3b1178d997}</UniqueIdentifier>
    </Filter>
    <Filter Include="Main\Application\Input">
      <UniqueIdentifier>{e1fe882b-3085-49fd-894a-fad67f1ad4e6}</UniqueIdentifier>
    </Filter>
    <Filter Include="Main\Application\Camera">
      <UniqueIdentifier>{2571131e-0b04-4cb2-b49b-9927867dfeaf}</UniqueIdentifier>
    </Filter>
    <Filter Include="Main\Application\Scenes">
      <UniqueIdentifier>{059fe093-3911-4648-817d-9367110bda41}</UniqueIdentifier>
    </Filter>
    <Filter Include="Main\Object\ObjectX">
      <UniqueIdentifier>{88ffc4ba-06f3-4f32-9ef1-5e833a36a82b}</UniqueIdentifier>
    </Filter>
    <Filter Include="Main\Application\Scenes\SelectPlayer">
      <UniqueIdentifier>{7e491a82-c7df-420f-88eb-e546235a47b6}</UniqueIdentifier>
    </Filter>
    <Filter Include="Main\Object\Object2D">
      <UniqueIdentifier>{6825a86c-d26f-4a59-a59b-d2853ff0471b}</UniqueIdentifier>
    </Filter>
    <Filter Include="Main\Object\Object2D\Number">
      <UniqueIdentifier>{d069d927-46dc-48d2-bb6f-aa1dd93726a6}</UniqueIdentifier>
    </Filter>
  </ItemGroup>
</Project>